
Microsoft Visual Studio Solution File, Format Version 12.00
# Visual Studio Version 17
VisualStudioVersion = 17.5.33516.290
MinimumVisualStudioVersion = 10.0.40219.1
Project("{FAE04EC0-301F-11D3-BF4B-00C04F79EFBC}") = "DataStructuresExample", "DataStructuresExample\DataStructuresExample.csproj", "{F7768B03-9E0E-4405-A134-DF878051AFCE}"
EndProject
Global
	GlobalSection(SolutionConfigurationPlatforms) = preSolution
		Debug|Any CPU = Debug|Any CPU
		Release|Any CPU = Release|Any CPU
	EndGlobalSection
	GlobalSection(ProjectConfigurationPlatforms) = postSolution
		{F7768B03-9E0E-4405-A134-DF878051AFCE}.Debug|Any CPU.ActiveCfg = Debug|Any CPU
		{F7768B03-9E0E-4405-A134-DF878051AFCE}.Debug|Any CPU.Build.0 = Debug|Any CPU
		{F7768B03-9E0E-4405-A134-DF878051AFCE}.Release|Any CPU.ActiveCfg = Release|Any CPU
		{F7768B03-9E0E-4405-A134-DF878051AFCE}.Release|Any CPU.Build.0 = Release|Any CPU
	EndGlobalSection
	GlobalSection(SolutionProperties) = preSolution
		HideSolutionNode = FALSE
	EndGlobalSection
	GlobalSection(ExtensibilityGlobals) = postSolution
		SolutionGuid = {C110FB57-E4C6-43A6-AE59-5746A18549AB}
	EndGlobalSection
EndGlobal
